{
  "name": "@skillpilot/custom-gpt-action-regression",
  "version": "1.0.0",
  "lockfileVersion": 3,
  "requires": true,
  "packages": {
    "": {
      "name": "@skillpilot/custom-gpt-action-regression",
      "version": "1.0.0",
      "engines": {
        "node": ">=20.20.2 <21"
      }
    }
  }
}
